github.com/magefile/mage v1.17.2 h1:fyXVu1eadI8Ap1HCCNgEhJ5McIWiYhLR8uol64ZZc40=
github.com/magefile/mage v1.17.2/go.mod h1:Yj51kqllmsgFpvvSzgrZPK9WtluG3kUhFaBUVLo4feA=
github.com/soypat/lneto v0.3.2 h1:iUFeRSq2czT7Db6MMOsAnMCBlKCqvIr941zsNf9dcu0=
github.com/soypat/lneto v0.3.2/go.mod h1:Be5PjwoYukvHFiUXxpYi8+ppH2F/gw/vjGBvFdv+Ti8=
tinygo.org/x/drivers v0.36.0 h1:F0x342A6GWqh6abtCa57uAxCyz/b9MbGzvIVvIf+gpE=
tinygo.org/x/drivers v0.36.0/go.mod h1:DQgKyHkB4G6IEOKVTAjApbKnWGwESN91EVJO+nMOE9Y=
tinygo.org/x/espradio v0.3.0 h1:hJ81KqD3vXH78CIqoDJSDZ+em0E+x/h1ks0LSRZxk+E=
tinygo.org/x/espradio v0.3.0/go.mod h1:bib3tci08oBCaSE/V6BzpKiymkjMmhChCL8OR3sbDGM=
