github.com/tinygo-org/pio v0.3.0 h1:opEnOtw58KGB4RJD3/n/Rd0/djYGX3DeJiXLI6y/yDI=
github.com/tinygo-org/pio v0.3.0/go.mod h1:wf6c6lKZp+pQOzKKcpzchmRuhiMc27ABRuo7KVnaMFU=
tinygo.org/x/drivers v0.36.0 h1:F0x342A6GWqh6abtCa57uAxCyz/b9MbGzvIVvIf+gpE=
tinygo.org/x/drivers v0.36.0/go.mod h1:DQgKyHkB4G6IEOKVTAjApbKnWGwESN91EVJO+nMOE9Y=
